
Microsoft Visual Studio Solution File, Format Version 12.00
# Visual Studio Version 17
VisualStudioVersion = 17.7.34031.279
MinimumVisualStudioVersion = 10.0.40219.1
Project("{FAE04EC0-301F-11D3-BF4B-00C04F79EFBC}") = "First transper", "First transper\First transper.csproj", "{AF94712F-5DF9-4FAD-9EBD-AEDC0481E85E}"
EndProject
Global
	GlobalSection(SolutionConfigurationPlatforms) = preSolution
		Debug|Any CPU = Debug|Any CPU
		Release|Any CPU = Release|Any CPU
	EndGlobalSection
	GlobalSection(ProjectConfigurationPlatforms) = postSolution
		{AF94712F-5DF9-4FAD-9EBD-AEDC0481E85E}.Debug|Any CPU.ActiveCfg = Debug|Any CPU
		{AF94712F-5DF9-4FAD-9EBD-AEDC0481E85E}.Debug|Any CPU.Build.0 = Debug|Any CPU
		{AF94712F-5DF9-4FAD-9EBD-AEDC0481E85E}.Release|Any CPU.ActiveCfg = Release|Any CPU
		{AF94712F-5DF9-4FAD-9EBD-AEDC0481E85E}.Release|Any CPU.Build.0 = Release|Any CPU
	EndGlobalSection
	GlobalSection(SolutionProperties) = preSolution
		HideSolutionNode = FALSE
	EndGlobalSection
	GlobalSection(ExtensibilityGlobals) = postSolution
		SolutionGuid = {D392818D-A4CA-44F4-9B31-14BC8888381E}
	EndGlobalSection
EndGlobal
