
Microsoft Visual Studio Solution File, Format Version 12.00
# Visual Studio Version 17
VisualStudioVersion = 17.7.34031.279
MinimumVisualStudioVersion = 10.0.40219.1
Project("{FAE04EC0-301F-11D3-BF4B-00C04F79EFBC}") = "Checking Balance", "Checking Balance\Checking Balance.csproj", "{92CC3882-29EA-44BE-9850-AD26AEE339DD}"
EndProject
Global
	GlobalSection(SolutionConfigurationPlatforms) = preSolution
		Debug|Any CPU = Debug|Any CPU
		Release|Any CPU = Release|Any CPU
	EndGlobalSection
	GlobalSection(ProjectConfigurationPlatforms) = postSolution
		{92CC3882-29EA-44BE-9850-AD26AEE339DD}.Debug|Any CPU.ActiveCfg = Debug|Any CPU
		{92CC3882-29EA-44BE-9850-AD26AEE339DD}.Debug|Any CPU.Build.0 = Debug|Any CPU
		{92CC3882-29EA-44BE-9850-AD26AEE339DD}.Release|Any CPU.ActiveCfg = Release|Any CPU
		{92CC3882-29EA-44BE-9850-AD26AEE339DD}.Release|Any CPU.Build.0 = Release|Any CPU
	EndGlobalSection
	GlobalSection(SolutionProperties) = preSolution
		HideSolutionNode = FALSE
	EndGlobalSection
	GlobalSection(ExtensibilityGlobals) = postSolution
		SolutionGuid = {E957476E-3231-422E-B406-8E5194D82A82}
	EndGlobalSection
EndGlobal
