
Microsoft Visual Studio Solution File, Format Version 12.00
# Visual Studio Version 17
VisualStudioVersion = 17.7.34031.279
MinimumVisualStudioVersion = 10.0.40219.1
Project("{FAE04EC0-301F-11D3-BF4B-00C04F79EFBC}") = "Multiplier", "Multiplier\Multiplier.csproj", "{476CA0D6-B582-4842-A20A-6626E68036CD}"
EndProject
Global
	GlobalSection(SolutionConfigurationPlatforms) = preSolution
		Debug|Any CPU = Debug|Any CPU
		Release|Any CPU = Release|Any CPU
	EndGlobalSection
	GlobalSection(ProjectConfigurationPlatforms) = postSolution
		{476CA0D6-B582-4842-A20A-6626E68036CD}.Debug|Any CPU.ActiveCfg = Debug|Any CPU
		{476CA0D6-B582-4842-A20A-6626E68036CD}.Debug|Any CPU.Build.0 = Debug|Any CPU
		{476CA0D6-B582-4842-A20A-6626E68036CD}.Release|Any CPU.ActiveCfg = Release|Any CPU
		{476CA0D6-B582-4842-A20A-6626E68036CD}.Release|Any CPU.Build.0 = Release|Any CPU
	EndGlobalSection
	GlobalSection(SolutionProperties) = preSolution
		HideSolutionNode = FALSE
	EndGlobalSection
	GlobalSection(ExtensibilityGlobals) = postSolution
		SolutionGuid = {DF5598CB-2EB1-422B-9C0B-1A92EA06CE80}
	EndGlobalSection
EndGlobal
