
Microsoft Visual Studio Solution File, Format Version 12.00
# Visual Studio Version 17
VisualStudioVersion = 17.7.34031.279
MinimumVisualStudioVersion = 10.0.40219.1
Project("{FAE04EC0-301F-11D3-BF4B-00C04F79EFBC}") = "lab1", "lab1\lab1.csproj", "{EE0DC604-BBA1-4E2F-82C6-2F6E77B33144}"
EndProject
Global
	GlobalSection(SolutionConfigurationPlatforms) = preSolution
		Debug|Any CPU = Debug|Any CPU
		Release|Any CPU = Release|Any CPU
	EndGlobalSection
	GlobalSection(ProjectConfigurationPlatforms) = postSolution
		{EE0DC604-BBA1-4E2F-82C6-2F6E77B33144}.Debug|Any CPU.ActiveCfg = Debug|Any CPU
		{EE0DC604-BBA1-4E2F-82C6-2F6E77B33144}.Debug|Any CPU.Build.0 = Debug|Any CPU
		{EE0DC604-BBA1-4E2F-82C6-2F6E77B33144}.Release|Any CPU.ActiveCfg = Release|Any CPU
		{EE0DC604-BBA1-4E2F-82C6-2F6E77B33144}.Release|Any CPU.Build.0 = Release|Any CPU
	EndGlobalSection
	GlobalSection(SolutionProperties) = preSolution
		HideSolutionNode = FALSE
	EndGlobalSection
	GlobalSection(ExtensibilityGlobals) = postSolution
		SolutionGuid = {14D2E3E3-7AA0-46A3-B78C-3441B99E572B}
	EndGlobalSection
EndGlobal
