
Microsoft Visual Studio Solution File, Format Version 12.00
# Visual Studio Version 17
VisualStudioVersion = 17.7.34031.279
MinimumVisualStudioVersion = 10.0.40219.1
Project("{FAE04EC0-301F-11D3-BF4B-00C04F79EFBC}") = "Television Guide", "Television Guide\Television Guide.csproj", "{F3B0977D-3182-447E-B917-C01AB376C13E}"
EndProject
Global
	GlobalSection(SolutionConfigurationPlatforms) = preSolution
		Debug|Any CPU = Debug|Any CPU
		Release|Any CPU = Release|Any CPU
	EndGlobalSection
	GlobalSection(ProjectConfigurationPlatforms) = postSolution
		{F3B0977D-3182-447E-B917-C01AB376C13E}.Debug|Any CPU.ActiveCfg = Debug|Any CPU
		{F3B0977D-3182-447E-B917-C01AB376C13E}.Debug|Any CPU.Build.0 = Debug|Any CPU
		{F3B0977D-3182-447E-B917-C01AB376C13E}.Release|Any CPU.ActiveCfg = Release|Any CPU
		{F3B0977D-3182-447E-B917-C01AB376C13E}.Release|Any CPU.Build.0 = Release|Any CPU
	EndGlobalSection
	GlobalSection(SolutionProperties) = preSolution
		HideSolutionNode = FALSE
	EndGlobalSection
	GlobalSection(ExtensibilityGlobals) = postSolution
		SolutionGuid = {11A9ABBD-3ECA-4FA5-8CC3-E2B1B713F676}
	EndGlobalSection
EndGlobal
