
Microsoft Visual Studio Solution File, Format Version 12.00
# Visual Studio Version 17
VisualStudioVersion = 17.7.34031.279
MinimumVisualStudioVersion = 10.0.40219.1
Project("{FAE04EC0-301F-11D3-BF4B-00C04F79EFBC}") = "Frist  class", "Frist  class\Frist  class.csproj", "{C521DD50-20DA-4518-A3E7-35D1485B223E}"
EndProject
Global
	GlobalSection(SolutionConfigurationPlatforms) = preSolution
		Debug|Any CPU = Debug|Any CPU
		Release|Any CPU = Release|Any CPU
	EndGlobalSection
	GlobalSection(ProjectConfigurationPlatforms) = postSolution
		{C521DD50-20DA-4518-A3E7-35D1485B223E}.Debug|Any CPU.ActiveCfg = Debug|Any CPU
		{C521DD50-20DA-4518-A3E7-35D1485B223E}.Debug|Any CPU.Build.0 = Debug|Any CPU
		{C521DD50-20DA-4518-A3E7-35D1485B223E}.Release|Any CPU.ActiveCfg = Release|Any CPU
		{C521DD50-20DA-4518-A3E7-35D1485B223E}.Release|Any CPU.Build.0 = Release|Any CPU
	EndGlobalSection
	GlobalSection(SolutionProperties) = preSolution
		HideSolutionNode = FALSE
	EndGlobalSection
	GlobalSection(ExtensibilityGlobals) = postSolution
		SolutionGuid = {2FD9055B-F7B7-4A3A-B447-C7F46ABB4F2C}
	EndGlobalSection
EndGlobal
